<?xml version="1.0" encoding="utf-8"?>
<Project ToolsVersion="4.0" xmlns="http://schemas.microsoft.com/developer/msbuild/2003">
  <ItemGroup>
    <Filter Include="Resource Files">
      <UniqueIdentifier>{67DA6AB6-F800-4c08-8B7A-83BB121AAD01}</UniqueIdentifier>
      <Extensions>rc;ico;cur;bmp;dlg;rc2;rct;bin;rgs;gif;jpg;jpeg;jpe;resx;tiff;tif;png;wav;mfcribbon-ms</Extensions>
    </Filter>
    <Filter Include="Windows">
      <UniqueIdentifier>{c3edae81-f80c-40fe-81ee-7823aef5c0e3}</UniqueIdentifier>
    </Filter>
    <Filter Include="Graphics">
      <UniqueIdentifier>{9ebd3444-6fe7-460c-af14-cf731178eaf7}</UniqueIdentifier>
    </Filter>
    <Filter Include="Toolkit">
      <UniqueIdentifier>{862adbcb-99d1-4afb-af83-73b3acd70105}</UniqueIdentifier>
    </Filter>
    <Filter Include="Shaders">
      <UniqueIdentifier>{a8bf3d93-ad3e-49f5-ad0f-c13762326d2d}</UniqueIdentifier>
    </Filter>
    <Filter Include="Toolkit\Post Processes">
      <UniqueIdentifier>{7cf9fbe3-36d2-4c3f-b316-9a6969c93534}</UniqueIdentifier>
    </Filter>
    <Filter Include="Shaders\Particles">
      <UniqueIdentifier>{a204d15e-6025-49dd-8357-3c3591d46c67}</UniqueIdentifier>
    </Filter>
    <Filter Include="Graphics\Renderers">
      <UniqueIdentifier>{2cf26133-0f27-4634-9e97-a4659cf2d397}</UniqueIdentifier>
    </Filter>
    <Filter Include="Toolkit\Behaviors">
      <UniqueIdentifier>{daac94b3-951d-4812-be0b-a41bb4b0d73e}</UniqueIdentifier>
    </Filter>
  </ItemGroup>
  <ItemGroup>
    <ClCompile Include="Application.cpp" />
    <ClCompile Include="WindowsMain.cpp">
      <Filter>Windows</Filter>
    </ClCompile>
    <ClCompile Include="Game.cpp" />
    <ClCompile Include="DirectXAPI.cpp">
      <Filter>Windows</Filter>
    </ClCompile>
    <ClCompile Include="GraphicsAPI.cpp">
      <Filter>Graphics</Filter>
    </ClCompile>
    <ClCompile Include="Math.cpp">
      <Filter>Toolkit</Filter>
    </ClCompile>
    <ClCompile Include="AssetContainer.cpp" />
    <ClCompile Include="Scene.cpp" />
    <ClCompile Include="HSVPostProcess.cpp">
      <Filter>Toolkit\Post Processes</Filter>
    </ClCompile>
    <ClCompile Include="BlurPostProcess.cpp">
      <Filter>Toolkit\Post Processes</Filter>
    </ClCompile>
    <ClCompile Include="BloomPostProcess.cpp">
      <Filter>Toolkit\Post Processes</Filter>
    </ClCompile>
    <ClCompile Include="Common.cpp">
      <Filter>Toolkit</Filter>
    </ClCompile>
    <ClCompile Include="Random.cpp">
      <Filter>Toolkit</Filter>
    </ClCompile>
    <ClCompile Include="InputManager.cpp" />
    <ClCompile Include="WindowsInput.cpp">
      <Filter>Windows</Filter>
    </ClCompile>
    <ClCompile Include="SpriteRenderer.cpp">
      <Filter>Graphics\Renderers</Filter>
    </ClCompile>
    <ClCompile Include="ParticleRenderer.cpp">
      <Filter>Graphics\Renderers</Filter>
    </ClCompile>
    <ClCompile Include="ShapeRenderer.cpp">
      <Filter>Graphics\Renderers</Filter>
    </ClCompile>
    <ClCompile Include="SoundMixer.cpp" />
    <ClCompile Include="MemoryArena.cpp">
      <Filter>Toolkit</Filter>
    </ClCompile>
    <ClCompile Include="WindowsAudio.cpp">
      <Filter>Windows</Filter>
    </ClCompile>
    <ClCompile Include="AtlasRenderer.cpp">
      <Filter>Graphics\Renderers</Filter>
    </ClCompile>
    <ClCompile Include="AnimationGroup.cpp">
      <Filter>Toolkit\Behaviors</Filter>
    </ClCompile>
    <ClCompile Include="AtlasAnimator.cpp">
      <Filter>Toolkit\Behaviors</Filter>
    </ClCompile>
    <ClCompile Include="ParticleBehavior.cpp">
      <Filter>Toolkit\Behaviors</Filter>
    </ClCompile>
    <ClCompile Include="PatternRenderer.cpp">
      <Filter>Graphics\Renderers</Filter>
    </ClCompile>
    <ClCompile Include="Font.cpp" />
    <ClCompile Include="TextRenderer.cpp">
      <Filter>Graphics\Renderers</Filter>
    </ClCompile>
    <ClCompile Include="UserInterface.cpp" />
    <ClCompile Include="Button.cpp" />
    <ClCompile Include="SliderUI.cpp" />
    <ClCompile Include="DebugHelper.cpp" />
  </ItemGroup>
  <ItemGroup>
    <ClInclude Include="Application.h" />
    <ClInclude Include="Game.h" />
    <ClInclude Include="DirectXAPI.h">
      <Filter>Windows</Filter>
    </ClInclude>
    <ClInclude Include="GraphicsAPI.h">
      <Filter>Graphics</Filter>
    </ClInclude>
    <ClInclude Include="Configs.h" />
    <ClInclude Include="IPostProcess.h">
      <Filter>Graphics</Filter>
    </ClInclude>
    <ClInclude Include="Shaders.h">
      <Filter>Graphics</Filter>
    </ClInclude>
    <ClInclude Include="Buffers.h">
      <Filter>Graphics</Filter>
    </ClInclude>
    <ClInclude Include="Math.h">
      <Filter>Toolkit</Filter>
    </ClInclude>
    <ClInclude Include="Common.h">
      <Filter>Toolkit</Filter>
    </ClInclude>
    <ClInclude Include="AssetContainer.h" />
    <ClInclude Include="Scene.h" />
    <ClInclude Include="Transform.h" />
    <ClInclude Include="ShaderConstants.h">
      <Filter>Graphics</Filter>
    </ClInclude>
    <ClInclude Include="FixedList.h">
      <Filter>Toolkit</Filter>
    </ClInclude>
    <ClInclude Include="IBehavior.h" />
    <ClInclude Include="Lights.h">
      <Filter>Graphics</Filter>
    </ClInclude>
    <ClInclude Include="HSVPostProcess.h">
      <Filter>Toolkit\Post Processes</Filter>
    </ClInclude>
    <ClInclude Include="BlurPostProcess.h">
      <Filter>Toolkit\Post Processes</Filter>
    </ClInclude>
    <ClInclude Include="BloomPostProcess.h">
      <Filter>Toolkit\Post Processes</Filter>
    </ClInclude>
    <ClInclude Include="IRenderer.h">
      <Filter>Graphics</Filter>
    </ClInclude>
    <ClInclude Include="Random.h">
      <Filter>Toolkit</Filter>
    </ClInclude>
    <ClInclude Include="InputManager.h" />
    <ClInclude Include="WindowsInput.h">
      <Filter>Windows</Filter>
    </ClInclude>
    <ClInclude Include="SpriteRenderer.h">
      <Filter>Graphics\Renderers</Filter>
    </ClInclude>
    <ClInclude Include="ParticleRenderer.h">
      <Filter>Graphics\Renderers</Filter>
    </ClInclude>
    <ClInclude Include="ShapeRenderer.h">
      <Filter>Graphics\Renderers</Filter>
    </ClInclude>
    <ClInclude Include="SoundMixer.h" />
    <ClInclude Include="MemoryArena.h">
      <Filter>Toolkit</Filter>
    </ClInclude>
    <ClInclude Include="WindowsAudio.h">
      <Filter>Windows</Filter>
    </ClInclude>
    <ClInclude Include="AudioData.h" />
    <ClInclude Include="AtlasRenderer.h">
      <Filter>Graphics\Renderers</Filter>
    </ClInclude>
    <ClInclude Include="AnimationGroup.h">
      <Filter>Toolkit\Behaviors</Filter>
    </ClInclude>
    <ClInclude Include="AtlasAnimator.h">
      <Filter>Toolkit\Behaviors</Filter>
    </ClInclude>
    <ClInclude Include="ParticleBehavior.h">
      <Filter>Toolkit\Behaviors</Filter>
    </ClInclude>
    <ClInclude Include="PatternRenderer.h">
      <Filter>Graphics\Renderers</Filter>
    </ClInclude>
    <ClInclude Include="Font.h" />
    <ClInclude Include="TextRenderer.h">
      <Filter>Graphics\Renderers</Filter>
    </ClInclude>
    <ClInclude Include="FixedMap.h">
      <Filter>Toolkit</Filter>
    </ClInclude>
    <ClInclude Include="UserInterface.h" />
    <ClInclude Include="Button.h" />
    <ClInclude Include="SliderUI.h" />
    <ClInclude Include="DebugHelper.h" />
  </ItemGroup>
  <ItemGroup>
    <FxCompile Include="CameraVS.hlsl">
      <Filter>Shaders</Filter>
    </FxCompile>
    <FxCompile Include="TexturePS.hlsl">
      <Filter>Shaders</Filter>
    </FxCompile>
    <FxCompile Include="FullscreenVS.hlsl">
      <Filter>Shaders</Filter>
    </FxCompile>
    <FxCompile Include="SolidColorPS.hlsl">
      <Filter>Shaders</Filter>
    </FxCompile>
    <FxCompile Include="ConSatValPP.hlsl">
      <Filter>Shaders</Filter>
    </FxCompile>
    <FxCompile Include="BrightnessSumCS.hlsl">
      <Filter>Shaders</Filter>
    </FxCompile>
    <FxCompile Include="BlurPP.hlsl">
      <Filter>Shaders</Filter>
    </FxCompile>
    <FxCompile Include="BloomFilterPP.hlsl">
      <Filter>Shaders</Filter>
    </FxCompile>
    <FxCompile Include="ScreenSumPP.hlsl">
      <Filter>Shaders</Filter>
    </FxCompile>
    <FxCompile Include="ParticlePassVS.hlsl">
      <Filter>Shaders\Particles</Filter>
    </FxCompile>
    <FxCompile Include="ParticleQuadGS.hlsl">
      <Filter>Shaders\Particles</Filter>
    </FxCompile>
    <FxCompile Include="ParticleSpawnCS.hlsl">
      <Filter>Shaders\Particles</Filter>
    </FxCompile>
    <FxCompile Include="ParticleMoveCS.hlsl">
      <Filter>Shaders\Particles</Filter>
    </FxCompile>
    <FxCompile Include="CircleFillPS.hlsl">
      <Filter>Shaders</Filter>
    </FxCompile>
    <FxCompile Include="TextRasterizePS.hlsl">
      <Filter>Shaders</Filter>
    </FxCompile>
  </ItemGroup>
  <ItemGroup>
    <None Include="packages.config" />
    <None Include="Lighting.hlsli">
      <Filter>Shaders</Filter>
    </None>
    <None Include="ColorConversion.hlsli">
      <Filter>Shaders</Filter>
    </None>
    <None Include="ShaderStructs.hlsli">
      <Filter>Shaders</Filter>
    </None>
  </ItemGroup>
</Project>