<?xml version="1.0" encoding="utf-8"?>
<Project ToolsVersion="4.0" xmlns="http://schemas.microsoft.com/developer/msbuild/2003">
  <ItemGroup>
    <Filter Include="Resource Files">
      <UniqueIdentifier>{67DA6AB6-F800-4c08-8B7A-83BB121AAD01}</UniqueIdentifier>
      <Extensions>rc;ico;cur;bmp;dlg;rc2;rct;bin;rgs;gif;jpg;jpeg;jpe;resx;tiff;tif;png;wav;mfcribbon-ms</Extensions>
    </Filter>
    <Filter Include="Windows">
      <UniqueIdentifier>{c3edae81-f80c-40fe-81ee-7823aef5c0e3}</UniqueIdentifier>
    </Filter>
    <Filter Include="Graphics">
      <UniqueIdentifier>{9ebd3444-6fe7-460c-af14-cf731178eaf7}</UniqueIdentifier>
    </Filter>
    <Filter Include="Toolkit">
      <UniqueIdentifier>{862adbcb-99d1-4afb-af83-73b3acd70105}</UniqueIdentifier>
    </Filter>
    <Filter Include="Shaders">
      <UniqueIdentifier>{a8bf3d93-ad3e-49f5-ad0f-c13762326d2d}</UniqueIdentifier>
    </Filter>
    <Filter Include="Toolkit\Post Processes">
      <UniqueIdentifier>{7cf9fbe3-36d2-4c3f-b316-9a6969c93534}</UniqueIdentifier>
    </Filter>
  </ItemGroup>
  <ItemGroup>
    <ClCompile Include="GameObject.cpp" />
    <ClCompile Include="Application.cpp" />
    <ClCompile Include="WindowsMain.cpp">
      <Filter>Windows</Filter>
    </ClCompile>
    <ClCompile Include="Game.cpp" />
    <ClCompile Include="DirectXAPI.cpp">
      <Filter>Windows</Filter>
    </ClCompile>
    <ClCompile Include="GraphicsAPI.cpp">
      <Filter>Graphics</Filter>
    </ClCompile>
    <ClCompile Include="Tween.cpp">
      <Filter>Toolkit</Filter>
    </ClCompile>
    <ClCompile Include="Math.cpp">
      <Filter>Toolkit</Filter>
    </ClCompile>
    <ClCompile Include="Buffers.cpp">
      <Filter>Graphics</Filter>
    </ClCompile>
    <ClCompile Include="Shaders.cpp">
      <Filter>Graphics</Filter>
    </ClCompile>
    <ClCompile Include="AssetContainer.cpp" />
    <ClCompile Include="Scene.cpp" />
    <ClCompile Include="SpriteRenderer.cpp" />
    <ClCompile Include="HSVPostProcess.cpp">
      <Filter>Toolkit\Post Processes</Filter>
    </ClCompile>
    <ClCompile Include="BlurPostProcess.cpp">
      <Filter>Toolkit\Post Processes</Filter>
    </ClCompile>
  </ItemGroup>
  <ItemGroup>
    <ClInclude Include="GameObject.h" />
    <ClInclude Include="Application.h" />
    <ClInclude Include="Game.h" />
    <ClInclude Include="DirectXAPI.h">
      <Filter>Windows</Filter>
    </ClInclude>
    <ClInclude Include="GraphicsAPI.h">
      <Filter>Graphics</Filter>
    </ClInclude>
    <ClInclude Include="Configs.h" />
    <ClInclude Include="IPostProcess.h">
      <Filter>Graphics</Filter>
    </ClInclude>
    <ClInclude Include="Shaders.h">
      <Filter>Graphics</Filter>
    </ClInclude>
    <ClInclude Include="Buffers.h">
      <Filter>Graphics</Filter>
    </ClInclude>
    <ClInclude Include="Tween.h">
      <Filter>Toolkit</Filter>
    </ClInclude>
    <ClInclude Include="Math.h">
      <Filter>Toolkit</Filter>
    </ClInclude>
    <ClInclude Include="Common.h">
      <Filter>Toolkit</Filter>
    </ClInclude>
    <ClInclude Include="AssetContainer.h" />
    <ClInclude Include="Scene.h" />
    <ClInclude Include="Transform.h" />
    <ClInclude Include="SpriteRenderer.h" />
    <ClInclude Include="ShaderConstants.h">
      <Filter>Graphics</Filter>
    </ClInclude>
    <ClInclude Include="FixedList.h">
      <Filter>Toolkit</Filter>
    </ClInclude>
    <ClInclude Include="IBehavior.h" />
    <ClInclude Include="Lights.h">
      <Filter>Graphics</Filter>
    </ClInclude>
    <ClInclude Include="HSVPostProcess.h">
      <Filter>Toolkit\Post Processes</Filter>
    </ClInclude>
    <ClInclude Include="BlurPostProcess.h">
      <Filter>Toolkit\Post Processes</Filter>
    </ClInclude>
  </ItemGroup>
  <ItemGroup>
    <FxCompile Include="CameraVS.hlsl">
      <Filter>Shaders</Filter>
    </FxCompile>
    <FxCompile Include="TexturePS.hlsl">
      <Filter>Shaders</Filter>
    </FxCompile>
    <FxCompile Include="FullscreenVS.hlsl">
      <Filter>Shaders</Filter>
    </FxCompile>
    <FxCompile Include="SolidColorPS.hlsl">
      <Filter>Shaders</Filter>
    </FxCompile>
    <FxCompile Include="ConSatValPP.hlsl">
      <Filter>Shaders</Filter>
    </FxCompile>
    <FxCompile Include="BrightnessSumCS.hlsl">
      <Filter>Shaders</Filter>
    </FxCompile>
    <FxCompile Include="BlurPP.hlsl">
      <Filter>Shaders</Filter>
    </FxCompile>
  </ItemGroup>
  <ItemGroup>
    <None Include="ShaderStructs.hlsli">
      <Filter>Shaders</Filter>
    </None>
    <None Include="packages.config" />
    <None Include="Lighting.hlsli">
      <Filter>Shaders</Filter>
    </None>
    <None Include="ColorConversion.hlsli">
      <Filter>Shaders</Filter>
    </None>
  </ItemGroup>
</Project>